
Microsoft Visual Studio Solution File, Format Version 12.00
# Visual Studio Version 16
VisualStudioVersion = 25.0.1706.7
MinimumVisualStudioVersion = 10.0.40219.1
Project("{FAE04EC0-301F-11D3-BF4B-00C04F79EFBC}") = "Assembly-CSharp", "Assembly-CSharp.csproj", "{1AB25661-2EA7-6CB2-B00E-72787D10228E}"
EndProject
Global
	GlobalSection(SolutionConfigurationPlatforms) = preSolution
		Debug|Any CPU = Debug|Any CPU
		Release|Any CPU = Release|Any CPU
	EndGlobalSection
	GlobalSection(ProjectConfigurationPlatforms) = postSolution
		{1AB25661-2EA7-6CB2-B00E-72787D10228E}.Debug|Any CPU.ActiveCfg = Debug|Any CPU
		{1AB25661-2EA7-6CB2-B00E-72787D10228E}.Debug|Any CPU.Build.0 = Debug|Any CPU
		{1AB25661-2EA7-6CB2-B00E-72787D10228E}.Release|Any CPU.ActiveCfg = Release|Any CPU
		{1AB25661-2EA7-6CB2-B00E-72787D10228E}.Release|Any CPU.Build.0 = Release|Any CPU
	EndGlobalSection
	GlobalSection(SolutionProperties) = preSolution
		HideSolutionNode = FALSE
	EndGlobalSection
	GlobalSection(ExtensibilityGlobals) = postSolution
		SolutionGuid = {A5D552F9-05E5-496C-B15A-8ABE5D400A05}
	EndGlobalSection
EndGlobal
